
Microsoft Visual Studio Solution File, Format Version 12.00
# Visual Studio Version 17
VisualStudioVersion = 17.12.35527.113
MinimumVisualStudioVersion = 10.0.40219.1
Project("{FAE04EC0-301F-11D3-BF4B-00C04F79EFBC}") = "FEB.API", "FEB.API\FEB.API.csproj", "{98C77B71-61BF-4B25-9553-45C68673EE98}"
EndProject
Project("{FAE04EC0-301F-11D3-BF4B-00C04F79EFBC}") = "FEB.Infrastructure", "FEB.Infrastructure\FEB.Infrastructure.csproj", "{0873B3FE-6F7B-499F-8331-2FC9E12A255E}"
EndProject
Project("{FAE04EC0-301F-11D3-BF4B-00C04F79EFBC}") = "FEB.Service", "FEB.Service\FEB.Service.csproj", "{EB309FB9-254D-46F8-913A-F2717E1A40D0}"
EndProject
Project("{FAE04EC0-301F-11D3-BF4B-00C04F79EFBC}") = "FEBAgent.Domain", "FEBAgent.Domain\FEBAgent.Domain.csproj", "{AE3C427E-756A-41BE-9E53-DFA2808D8218}"
EndProject
Project("{FAE04EC0-301F-11D3-BF4B-00C04F79EFBC}") = "FEBAgent.Tests", "FEBAgent.Tests\FEBAgent.Tests.csproj", "{5D1BA7F9-F7D8-43A0-B5DA-327F988EA742}"
EndProject
Global
	GlobalSection(SolutionConfigurationPlatforms) = preSolution
		Debug|Any CPU = Debug|Any CPU
		Release|Any CPU = Release|Any CPU
	EndGlobalSection
	GlobalSection(ProjectConfigurationPlatforms) = postSolution
		{98C77B71-61BF-4B25-9553-45C68673EE98}.Debug|Any CPU.ActiveCfg = Debug|Any CPU
		{98C77B71-61BF-4B25-9553-45C68673EE98}.Debug|Any CPU.Build.0 = Debug|Any CPU
		{98C77B71-61BF-4B25-9553-45C68673EE98}.Release|Any CPU.ActiveCfg = Release|Any CPU
		{98C77B71-61BF-4B25-9553-45C68673EE98}.Release|Any CPU.Build.0 = Release|Any CPU
		{0873B3FE-6F7B-499F-8331-2FC9E12A255E}.Debug|Any CPU.ActiveCfg = Debug|Any CPU
		{0873B3FE-6F7B-499F-8331-2FC9E12A255E}.Debug|Any CPU.Build.0 = Debug|Any CPU
		{0873B3FE-6F7B-499F-8331-2FC9E12A255E}.Release|Any CPU.ActiveCfg = Release|Any CPU
		{0873B3FE-6F7B-499F-8331-2FC9E12A255E}.Release|Any CPU.Build.0 = Release|Any CPU
		{EB309FB9-254D-46F8-913A-F2717E1A40D0}.Debug|Any CPU.ActiveCfg = Debug|Any CPU
		{EB309FB9-254D-46F8-913A-F2717E1A40D0}.Debug|Any CPU.Build.0 = Debug|Any CPU
		{EB309FB9-254D-46F8-913A-F2717E1A40D0}.Release|Any CPU.ActiveCfg = Release|Any CPU
		{EB309FB9-254D-46F8-913A-F2717E1A40D0}.Release|Any CPU.Build.0 = Release|Any CPU
		{AE3C427E-756A-41BE-9E53-DFA2808D8218}.Debug|Any CPU.ActiveCfg = Debug|Any CPU
		{AE3C427E-756A-41BE-9E53-DFA2808D8218}.Debug|Any CPU.Build.0 = Debug|Any CPU
		{AE3C427E-756A-41BE-9E53-DFA2808D8218}.Release|Any CPU.ActiveCfg = Release|Any CPU
		{AE3C427E-756A-41BE-9E53-DFA2808D8218}.Release|Any CPU.Build.0 = Release|Any CPU
		{5D1BA7F9-F7D8-43A0-B5DA-327F988EA742}.Debug|Any CPU.ActiveCfg = Debug|Any CPU
		{5D1BA7F9-F7D8-43A0-B5DA-327F988EA742}.Debug|Any CPU.Build.0 = Debug|Any CPU
		{5D1BA7F9-F7D8-43A0-B5DA-327F988EA742}.Release|Any CPU.ActiveCfg = Release|Any CPU
		{5D1BA7F9-F7D8-43A0-B5DA-327F988EA742}.Release|Any CPU.Build.0 = Release|Any CPU
	EndGlobalSection
	GlobalSection(SolutionProperties) = preSolution
		HideSolutionNode = FALSE
	EndGlobalSection
	GlobalSection(ExtensibilityGlobals) = postSolution
		SolutionGuid = {FE296BBB-D545-4556-AF6F-72283ACBD1A7}
	EndGlobalSection
EndGlobal
